{
  "name": "zenn",
  "version": "1.0.0",
  "lockfileVersion": 2,
  "requires": true,
  "packages": {
    "": {
      "name": "zenn",
      "version": "1.0.0",
      "license": "ISC",
      "dependencies": {
        "zenn-cli": "^0.1.156"
      }
    },
    "node_modules/zenn-cli": {
      "version": "0.1.156",
      "resolved": "https://registry.npmjs.org/zenn-cli/-/zenn-cli-0.1.156.tgz",
      "integrity": "sha512-3BU4PCl3xKxKIa0gtXRQqI037eIbCuQQGpV/jpA5WO8v5SeC32hPftyPrlqiiJJx9ORjNUA6I5XcFmgdEyi8dQ==",
      "bin": {
        "zenn": "dist/server/zenn.js"
      },
      "engines": {
        "node": ">=14.0.0"
      }
    }
  },
  "dependencies": {
    "zenn-cli": {
      "version": "0.1.156",
      "resolved": "https://registry.npmjs.org/zenn-cli/-/zenn-cli-0.1.156.tgz",
      "integrity": "sha512-3BU4PCl3xKxKIa0gtXRQqI037eIbCuQQGpV/jpA5WO8v5SeC32hPftyPrlqiiJJx9ORjNUA6I5XcFmgdEyi8dQ=="
    }
  }
}
